{
  "nodes": {
    "commonmark-initial-src": {
      "flake": false,
      "locked": {
        "lastModified": 1767740672,
        "narHash": "sha256-hygK5vJMhdNReaF5DV3LGqi+ykPurxMJmxqQqOlEIJU=",
        "owner": "henrytill",
        "repo": "commonmark-initial",
        "rev": "f26a75767b5458ea4cf174894243f123fc540962",
        "type": "github"
      },
      "original": {
        "owner": "henrytill",
        "repo": "commonmark-initial",
        "type": "github"
      }
    },
    "dwergaz-src": {
      "flake": false,
      "locked": {
        "lastModified": 1767767833,
        "narHash": "sha256-He88FegFGOU6inMI6Nlwz3Hq17G+mMNNY7jveMbSORA=",
        "owner": "henrytill",
        "repo": "dwergaz",
        "rev": "dc7695ad0df1cc976105b963bfe2d8d69055185c",
        "type": "github"
      },
      "original": {
        "owner": "henrytill",
        "repo": "dwergaz",
        "type": "github"
      }
    },
    "flake-utils": {
      "inputs": {
        "systems": "systems"
      },
      "locked": {
        "lastModified": 1731533236,
        "narHash": "sha256-l0KFg5HjrsfsO/JpG+r7fRrqm12kzFHyUHqHCVpMMbI=",
        "owner": "numtide",
        "repo": "flake-utils",
        "rev": "11707dc2f618dd54ca8739b309ec4fc024de578b",
        "type": "github"
      },
      "original": {
        "owner": "numtide",
        "repo": "flake-utils",
        "type": "github"
      }
    },
    "nixpkgs": {
      "locked": {
        "lastModified": 1769740369,
        "narHash": "sha256-xKPyJoMoXfXpDM5DFDZDsi9PHArf2k5BJjvReYXoFpM=",
        "owner": "NixOS",
        "repo": "nixpkgs",
        "rev": "6308c3b21396534d8aaeac46179c14c439a89b8a",
        "type": "github"
      },
      "original": {
        "owner": "NixOS",
        "ref": "nixpkgs-unstable",
        "repo": "nixpkgs",
        "type": "github"
      }
    },
    "root": {
      "inputs": {
        "commonmark-initial-src": "commonmark-initial-src",
        "dwergaz-src": "dwergaz-src",
        "flake-utils": "flake-utils",
        "nixpkgs": "nixpkgs",
        "uri-bytestring-src": "uri-bytestring-src"
      }
    },
    "systems": {
      "locked": {
        "lastModified": 1681028828,
        "narHash": "sha256-Vy1rq5AaRuLzOxct8nz4T6wlgyUR7zLU309k9mBC768=",
        "owner": "nix-systems",
        "repo": "default",
        "rev": "da67096a3b9bf56a91d16901293e51ba5b49a27e",
        "type": "github"
      },
      "original": {
        "owner": "nix-systems",
        "repo": "default",
        "type": "github"
      }
    },
    "uri-bytestring-src": {
      "flake": false,
      "locked": {
        "lastModified": 1744302868,
        "narHash": "sha256-U/IATDnWGAYUvBK07xCHzbYUg82oYK+4PbNvtSz5S4E=",
        "owner": "Soostone",
        "repo": "uri-bytestring",
        "rev": "f2f3b5e0897bb18d4e884b1cb0ac20ccefd6618f",
        "type": "github"
      },
      "original": {
        "owner": "Soostone",
        "ref": "0.4.0.1",
        "repo": "uri-bytestring",
        "type": "github"
      }
    }
  },
  "root": "root",
  "version": 7
}
