{
  "nodes": {
    "commonmark-initial-src": {
      "flake": false,
      "locked": {
        "lastModified": 1753750213,
        "narHash": "sha256-zu8/tUVYbLXV+7BpFzHUMsAXJkuvQnqRe2TaVX4dYp4=",
        "owner": "henrytill",
        "repo": "commonmark-initial",
        "rev": "ba191067da9ac8e3d02be9a0fd60514462b28bb7",
        "type": "github"
      },
      "original": {
        "owner": "henrytill",
        "repo": "commonmark-initial",
        "type": "github"
      }
    },
    "dwergaz-src": {
      "flake": false,
      "locked": {
        "lastModified": 1750379035,
        "narHash": "sha256-tL0zA+af1u8VedK2SXAS7YSbqUfxGMdvnbp7O8bo/k4=",
        "owner": "henrytill",
        "repo": "dwergaz",
        "rev": "13c00c1a9bb32fc468c260735b00e2152d71b056",
        "type": "github"
      },
      "original": {
        "owner": "henrytill",
        "repo": "dwergaz",
        "type": "github"
      }
    },
    "flake-utils": {
      "inputs": {
        "systems": "systems"
      },
      "locked": {
        "lastModified": 1731533236,
        "narHash": "sha256-l0KFg5HjrsfsO/JpG+r7fRrqm12kzFHyUHqHCVpMMbI=",
        "owner": "numtide",
        "repo": "flake-utils",
        "rev": "11707dc2f618dd54ca8739b309ec4fc024de578b",
        "type": "github"
      },
      "original": {
        "owner": "numtide",
        "repo": "flake-utils",
        "type": "github"
      }
    },
    "inspection-testing-src": {
      "flake": false,
      "locked": {
        "lastModified": 1749804009,
        "narHash": "sha256-6b2g/mH5NG6HGdmQJGwUWYfZo9/xJZd7EgoMi1utfCc=",
        "owner": "nomeata",
        "repo": "inspection-testing",
        "rev": "fafb6cc06d5e69b4508372afddc95cf69bee9ce2",
        "type": "github"
      },
      "original": {
        "owner": "nomeata",
        "ref": "0.6.2",
        "repo": "inspection-testing",
        "type": "github"
      }
    },
    "nixpkgs": {
      "locked": {
        "lastModified": 1750215678,
        "narHash": "sha256-Rc/ytpamXRf6z8UA2SGa4aaWxUXRbX2MAWIu2C8M+ok=",
        "owner": "NixOS",
        "repo": "nixpkgs",
        "rev": "5395fb3ab3f97b9b7abca147249fa2e8ed27b192",
        "type": "github"
      },
      "original": {
        "owner": "NixOS",
        "ref": "nixpkgs-unstable",
        "repo": "nixpkgs",
        "type": "github"
      }
    },
    "root": {
      "inputs": {
        "commonmark-initial-src": "commonmark-initial-src",
        "dwergaz-src": "dwergaz-src",
        "flake-utils": "flake-utils",
        "inspection-testing-src": "inspection-testing-src",
        "nixpkgs": "nixpkgs"
      }
    },
    "systems": {
      "locked": {
        "lastModified": 1681028828,
        "narHash": "sha256-Vy1rq5AaRuLzOxct8nz4T6wlgyUR7zLU309k9mBC768=",
        "owner": "nix-systems",
        "repo": "default",
        "rev": "da67096a3b9bf56a91d16901293e51ba5b49a27e",
        "type": "github"
      },
      "original": {
        "owner": "nix-systems",
        "repo": "default",
        "type": "github"
      }
    }
  },
  "root": "root",
  "version": 7
}
